// !$*UTF8*$!
{
	archiveVersion = 1;
	classes = {
	};
	objectVersion = 46;
	objects = {

/* Begin PBXBuildFile section */
		BD1156CB1C52BAD40024278D /* AppDelegate.swift in Sources */ = {isa = PBXBuildFile; fileRef = BD1156CA1C52BAD40024278D /* AppDelegate.swift */; };
		BD1156D01C52BAD40024278D /* Main.storyboard in Resources */ = {isa = PBXBuildFile; fileRef = BD1156CE1C52BAD40024278D /* Main.storyboard */; };
		BD1156D21C52BAD40024278D /* Assets.xcassets in Resources */ = {isa = PBXBuildFile; fileRef = BD1156D11C52BAD40024278D /* Assets.xcassets */; };
		BD1156D51C52BAD40024278D /* LaunchScreen.storyboard in Resources */ = {isa = PBXBuildFile; fileRef = BD1156D31C52BAD40024278D /* LaunchScreen.storyboard */; };
		BD1156DD1C52C72E0024278D /* PhotoAlbumViewController.swift in Sources */ = {isa = PBXBuildFile; fileRef = BD1156DC1C52C72E0024278D /* PhotoAlbumViewController.swift */; };
		BD1156DF1C52C8CF0024278D /* MapLocationsViewController.swift in Sources */ = {isa = PBXBuildFile; fileRef = BD1156DE1C52C8CF0024278D /* MapLocationsViewController.swift */; };
		BD70FE0C1C569B96008CD528 /* Pin.swift in Sources */ = {isa = PBXBuildFile; fileRef = BD70FE0B1C569B96008CD528 /* Pin.swift */; };
		BD70FE0E1C569DC0008CD528 /* CoreDataStackManager.swift in Sources */ = {isa = PBXBuildFile; fileRef = BD70FE0D1C569DC0008CD528 /* CoreDataStackManager.swift */; };
		BD70FE101C569E51008CD528 /* Photo.swift in Sources */ = {isa = PBXBuildFile; fileRef = BD70FE0F1C569E51008CD528 /* Photo.swift */; };
		BD96C2041C57FFFE006A4DB6 /* Model.xcdatamodeld in Sources */ = {isa = PBXBuildFile; fileRef = BD96C2021C57FFFE006A4DB6 /* Model.xcdatamodeld */; };
/* End PBXBuildFile section */

/* Begin PBXFileReference section */
		BD1156C71C52BAD40024278D /* VirtualTourist.app */ = {isa = PBXFileReference; explicitFileType = wrapper.application; includeInIndex = 0; path = VirtualTourist.app; sourceTree = BUILT_PRODUCTS_DIR; };
		BD1156CA1C52BAD40024278D /* AppDelegate.swift */ = {isa = PBXFileReference; lastKnownFileType = sourcecode.swift; path = AppDelegate.swift; sourceTree = "<group>"; };
		BD1156CF1C52BAD40024278D /* Base */ = {isa = PBXFileReference; lastKnownFileType = file.storyboard; name = Base; path = Base.lproj/Main.storyboard; sourceTree = "<group>"; };
		BD1156D11C52BAD40024278D /* Assets.xcassets */ = {isa = PBXFileReference; lastKnownFileType = folder.assetcatalog; path = Assets.xcassets; sourceTree = "<group>"; };
		BD1156D41C52BAD40024278D /* Base */ = {isa = PBXFileReference; lastKnownFileType = file.storyboard; name = Base; path = Base.lproj/LaunchScreen.storyboard; sourceTree = "<group>"; };
		BD1156D61C52BAD40024278D /* Info.plist */ = {isa = PBXFileReference; lastKnownFileType = text.plist.xml; path = Info.plist; sourceTree = "<group>"; };
		BD1156DC1C52C72E0024278D /* PhotoAlbumViewController.swift */ = {isa = PBXFileReference; fileEncoding = 4; lastKnownFileType = sourcecode.swift; path = PhotoAlbumViewController.swift; sourceTree = "<group>"; };
		BD1156DE1C52C8CF0024278D /* MapLocationsViewController.swift */ = {isa = PBXFileReference; fileEncoding = 4; lastKnownFileType = sourcecode.swift; path = MapLocationsViewController.swift; sourceTree = "<group>"; };
		BD70FE0B1C569B96008CD528 /* Pin.swift */ = {isa = PBXFileReference; fileEncoding = 4; lastKnownFileType = sourcecode.swift; path = Pin.swift; sourceTree = "<group>"; };
		BD70FE0D1C569DC0008CD528 /* CoreDataStackManager.swift */ = {isa = PBXFileReference; fileEncoding = 4; lastKnownFileType = sourcecode.swift; path = CoreDataStackManager.swift; sourceTree = "<group>"; };
		BD70FE0F1C569E51008CD528 /* Photo.swift */ = {isa = PBXFileReference; fileEncoding = 4; lastKnownFileType = sourcecode.swift; path = Photo.swift; sourceTree = "<group>"; };
		BD96C2031C57FFFE006A4DB6 /* Model.xcdatamodel */ = {isa = PBXFileReference; lastKnownFileType = wrapper.xcdatamodel; path = Model.xcdatamodel; sourceTree = "<group>"; };
/* End PBXFileReference section */

/* Begin PBXFrameworksBuildPhase section */
		BD1156C41C52BAD40024278D /* Frameworks */ = {
			isa = PBXFrameworksBuildPhase;
			buildActionMask = 2147483647;
			files = (
			);
			runOnlyForDeploymentPostprocessing = 0;
		};
/* End PBXFrameworksBuildPhase section */

/* Begin PBXGroup section */
		BD1156BE1C52BAD40024278D = {
			isa = PBXGroup;
			children = (
				BD1156C91C52BAD40024278D /* VirtualTourist */,
				BD1156C81C52BAD40024278D /* Products */,
			);
			sourceTree = "<group>";
		};
		BD1156C81C52BAD40024278D /* Products */ = {
			isa = PBXGroup;
			children = (
				BD1156C71C52BAD40024278D /* VirtualTourist.app */,
			);
			name = Products;
			sourceTree = "<group>";
		};
		BD1156C91C52BAD40024278D /* VirtualTourist */ = {
			isa = PBXGroup;
			children = (
				BD1156CA1C52BAD40024278D /* AppDelegate.swift */,
				BD1156CE1C52BAD40024278D /* Main.storyboard */,
				BD1156D11C52BAD40024278D /* Assets.xcassets */,
				BD1156D31C52BAD40024278D /* LaunchScreen.storyboard */,
				BD1156D61C52BAD40024278D /* Info.plist */,
				BD1156DC1C52C72E0024278D /* PhotoAlbumViewController.swift */,
				BD1156DE1C52C8CF0024278D /* MapLocationsViewController.swift */,
				BD70FE0B1C569B96008CD528 /* Pin.swift */,
				BD70FE0D1C569DC0008CD528 /* CoreDataStackManager.swift */,
				BD70FE0F1C569E51008CD528 /* Photo.swift */,
				BD96C2021C57FFFE006A4DB6 /* Model.xcdatamodeld */,
			);
			path = VirtualTourist;
			sourceTree = "<group>";
		};
/* End PBXGroup section */

/* Begin PBXNativeTarget section */
		BD1156C61C52BAD40024278D /* VirtualTourist */ = {
			isa = PBXNativeTarget;
			buildConfigurationList = BD1156D91C52BAD40024278D /* Build configuration list for PBXNativeTarget "VirtualTourist" */;
			buildPhases = (
				BD1156C31C52BAD40024278D /* Sources */,
				BD1156C41C52BAD40024278D /* Frameworks */,
				BD1156C51C52BAD40024278D /* Resources */,
			);
			buildRules = (
			);
			dependencies = (
			);
			name = VirtualTourist;
			productName = VirtualTourist;
			productReference = BD1156C71C52BAD40024278D /* VirtualTourist.app */;
			productType = "com.apple.product-type.application";
		};
/* End PBXNativeTarget section */

/* Begin PBXProject section */
		BD1156BF1C52BAD40024278D /* Project object */ = {
			isa = PBXProject;
			attributes = {
				LastSwiftUpdateCheck = 0720;
				LastUpgradeCheck = 0720;
				ORGANIZATIONNAME = "Jeff Newell";
				TargetAttributes = {
					BD1156C61C52BAD40024278D = {
						CreatedOnToolsVersion = 7.2;
					};
				};
			};
			buildConfigurationList = BD1156C21C52BAD40024278D /* Build configuration list for PBXProject "VirtualTourist" */;
			compatibilityVersion = "Xcode 3.2";
			developmentRegion = English;
			hasScannedForEncodings = 0;
			knownRegions = (
				en,
				Base,
			);
			mainGroup = BD1156BE1C52BAD40024278D;
			productRefGroup = BD1156C81C52BAD40024278D /* Products */;
			projectDirPath = "";
			projectRoot = "";
			targets = (
				BD1156C61C52BAD40024278D /* VirtualTourist */,
			);
		};
/* End PBXProject section */

/* Begin PBXResourcesBuildPhase section */
		BD1156C51C52BAD40024278D /* Resources */ = {
			isa = PBXResourcesBuildPhase;
			buildActionMask = 2147483647;
			files = (
				BD1156D51C52BAD40024278D /* LaunchScreen.storyboard in Resources */,
				BD1156D21C52BAD40024278D /* Assets.xcassets in Resources */,
				BD1156D01C52BAD40024278D /* Main.storyboard in Resources */,
			);
			runOnlyForDeploymentPostprocessing = 0;
		};
/* End PBXResourcesBuildPhase section */

/* Begin PBXSourcesBuildPhase section */
		BD1156C31C52BAD40024278D /* Sources */ = {
			isa = PBXSourcesBuildPhase;
			buildActionMask = 2147483647;
			files = (
				BD70FE101C569E51008CD528 /* Photo.swift in Sources */,
				BD1156CB1C52BAD40024278D /* AppDelegate.swift in Sources */,
				BD1156DF1C52C8CF0024278D /* MapLocationsViewController.swift in Sources */,
				BD96C2041C57FFFE006A4DB6 /* Model.xcdatamodeld in Sources */,
				BD1156DD1C52C72E0024278D /* PhotoAlbumViewController.swift in Sources */,
				BD70FE0E1C569DC0008CD528 /* CoreDataStackManager.swift in Sources */,
				BD70FE0C1C569B96008CD528 /* Pin.swift in Sources */,
			);
			runOnlyForDeploymentPostprocessing = 0;
		};
/* End PBXSourcesBuildPhase section */

/* Begin PBXVariantGroup section */
		BD1156CE1C52BAD40024278D /* Main.storyboard */ = {
			isa = PBXVariantGroup;
			children = (
				BD1156CF1C52BAD40024278D /* Base */,
			);
			name = Main.storyboard;
			sourceTree = "<group>";
		};
		BD1156D31C52BAD40024278D /* LaunchScreen.storyboard */ = {
			isa = PBXVariantGroup;
			children = (
				BD1156D41C52BAD40024278D /* Base */,
			);
			name = LaunchScreen.storyboard;
			sourceTree = "<group>";
		};
/* End PBXVariantGroup section */

/* Begin XCBuildConfiguration section */
		BD1156D71C52BAD40024278D /* Debug */ = {
			isa = XCBuildConfiguration;
			buildSettings = {
				ALWAYS_SEARCH_USER_PATHS = NO;
				CLANG_CXX_LANGUAGE_STANDARD = "gnu++0x";
				CLANG_CXX_LIBRARY = "libc++";
				CLANG_ENABLE_MODULES = YES;
				CLANG_ENABLE_OBJC_ARC = YES;
				CLANG_WARN_BOOL_CONVERSION = YES;
				CLANG_WARN_CONSTANT_CONVERSION = YES;
				CLANG_WARN_DIRECT_OBJC_ISA_USAGE = YES_ERROR;
				CLANG_WARN_EMPTY_BODY = YES;
				CLANG_WARN_ENUM_CONVERSION = YES;
				CLANG_WARN_INT_CONVERSION = YES;
				CLANG_WARN_OBJC_ROOT_CLASS = YES_ERROR;
				CLANG_WARN_UNREACHABLE_CODE = YES;
				CLANG_WARN__DUPLICATE_METHOD_MATCH = YES;
				"CODE_SIGN_IDENTITY[sdk=iphoneos*]" = "iPhone Developer";
				COPY_PHASE_STRIP = NO;
				DEBUG_INFORMATION_FORMAT = dwarf;
				ENABLE_STRICT_OBJC_MSGSEND = YES;
				ENABLE_TESTABILITY = YES;
				GCC_C_LANGUAGE_STANDARD = gnu99;
				GCC_DYNAMIC_NO_PIC = NO;
				GCC_NO_COMMON_BLOCKS = YES;
				GCC_OPTIMIZATION_LEVEL = 0;
				GCC_PREPROCESSOR_DEFINITIONS = (
					"DEBUG=1",
					"$(inherited)",
				);
				GCC_WARN_64_TO_32_BIT_CONVERSION = YES;
				GCC_WARN_ABOUT_RETURN_TYPE = YES_ERROR;
				GCC_WARN_UNDECLARED_SELECTOR = YES;
				GCC_WARN_UNINITIALIZED_AUTOS = YES_AGGRESSIVE;
				GCC_WARN_UNUSED_FUNCTION = YES;
				GCC_WARN_UNUSED_VARIABLE = YES;
				IPHONEOS_DEPLOYMENT_TARGET = 9.2;
				MTL_ENABLE_DEBUG_INFO = YES;
				ONLY_ACTIVE_ARCH = YES;
				SDKROOT = iphoneos;
				SWIFT_OPTIMIZATION_LEVEL = "-Onone";
				TARGETED_DEVICE_FAMILY = "1,2";
			};
			name = Debug;
		};
		BD1156D81C52BAD40024278D /* Release */ = {
			isa = XCBuildConfiguration;
			buildSettings = {
				ALWAYS_SEARCH_USER_PATHS = NO;
				CLANG_CXX_LANGUAGE_STANDARD = "gnu++0x";
				CLANG_CXX_LIBRARY = "libc++";
				CLANG_ENABLE_MODULES = YES;
				CLANG_ENABLE_OBJC_ARC = YES;
				CLANG_WARN_BOOL_CONVERSION = YES;
				CLANG_WARN_CONSTANT_CONVERSION = YES;
				CLANG_WARN_DIRECT_OBJC_ISA_USAGE = YES_ERROR;
				CLANG_WARN_EMPTY_BODY = YES;
				CLANG_WARN_ENUM_CONVERSION = YES;
				CLANG_WARN_INT_CONVERSION = YES;
				CLANG_WARN_OBJC_ROOT_CLASS = YES_ERROR;
				CLANG_WARN_UNREACHABLE_CODE = YES;
				CLANG_WARN__DUPLICATE_METHOD_MATCH = YES;
				"CODE_SIGN_IDENTITY[sdk=iphoneos*]" = "iPhone Developer";
				COPY_PHASE_STRIP = NO;
				DEBUG_INFORMATION_FORMAT = "dwarf-with-dsym";
				ENABLE_NS_ASSERTIONS = NO;
				ENABLE_STRICT_OBJC_MSGSEND = YES;
				GCC_C_LANGUAGE_STANDARD = gnu99;
				GCC_NO_COMMON_BLOCKS = YES;
				GCC_WARN_64_TO_32_BIT_CONVERSION = YES;
				GCC_WARN_ABOUT_RETURN_TYPE = YES_ERROR;
				GCC_WARN_UNDECLARED_SELECTOR = YES;
				GCC_WARN_UNINITIALIZED_AUTOS = YES_AGGRESSIVE;
				GCC_WARN_UNUSED_FUNCTION = YES;
				GCC_WARN_UNUSED_VARIABLE = YES;
				IPHONEOS_DEPLOYMENT_TARGET = 9.2;
				MTL_ENABLE_DEBUG_INFO = NO;
				SDKROOT = iphoneos;
				TARGETED_DEVICE_FAMILY = "1,2";
				VALIDATE_PRODUCT = YES;
			};
			name = Release;
		};
		BD1156DA1C52BAD40024278D /* Debug */ = {
			isa = XCBuildConfiguration;
			buildSettings = {
				ASSETCATALOG_COMPILER_APPICON_NAME = AppIcon;
				INFOPLIST_FILE = VirtualTourist/Info.plist;
				LD_RUNPATH_SEARCH_PATHS = "$(inherited) @executable_path/Frameworks";
				PRODUCT_BUNDLE_IDENTIFIER = com.jefenew.VirtualTourist;
				PRODUCT_NAME = "$(TARGET_NAME)";
			};
			name = Debug;
		};
		BD1156DB1C52BAD40024278D /* Release */ = {
			isa = XCBuildConfiguration;
			buildSettings = {
				ASSETCATALOG_COMPILER_APPICON_NAME = AppIcon;
				INFOPLIST_FILE = VirtualTourist/Info.plist;
				LD_RUNPATH_SEARCH_PATHS = "$(inherited) @executable_path/Frameworks";
				PRODUCT_BUNDLE_IDENTIFIER = com.jefenew.VirtualTourist;
				PRODUCT_NAME = "$(TARGET_NAME)";
			};
			name = Release;
		};
/* End XCBuildConfiguration section */

/* Begin XCConfigurationList section */
		BD1156C21C52BAD40024278D /* Build configuration list for PBXProject "VirtualTourist" */ = {
			isa = XCConfigurationList;
			buildConfigurations = (
				BD1156D71C52BAD40024278D /* Debug */,
				BD1156D81C52BAD40024278D /* Release */,
			);
			defaultConfigurationIsVisible = 0;
			defaultConfigurationName = Release;
		};
		BD1156D91C52BAD40024278D /* Build configuration list for PBXNativeTarget "VirtualTourist" */ = {
			isa = XCConfigurationList;
			buildConfigurations = (
				BD1156DA1C52BAD40024278D /* Debug */,
				BD1156DB1C52BAD40024278D /* Release */,
			);
			defaultConfigurationIsVisible = 0;
			defaultConfigurationName = Release;
		};
/* End XCConfigurationList section */

/* Begin XCVersionGroup section */
		BD96C2021C57FFFE006A4DB6 /* Model.xcdatamodeld */ = {
			isa = XCVersionGroup;
			children = (
				BD96C2031C57FFFE006A4DB6 /* Model.xcdatamodel */,
			);
			currentVersion = BD96C2031C57FFFE006A4DB6 /* Model.xcdatamodel */;
			path = Model.xcdatamodeld;
			sourceTree = "<group>";
			versionGroupType = wrapper.xcdatamodel;
		};
/* End XCVersionGroup section */
	};
	rootObject = BD1156BF1C52BAD40024278D /* Project object */;
}
